{
  "name": "new",
  "lockfileVersion": 3,
  "requires": true,
  "packages": {
    "": {
      "dependencies": {
        "string-reverse-js": "^1.0.4"
      }
    },
    "node_modules/string-reverse-js": {
      "version": "1.0.4",
      "resolved": "https://registry.npmjs.org/string-reverse-js/-/string-reverse-js-1.0.4.tgz",
      "integrity": "sha512-u9KJv/Oq4m9YTFGmgo7uyUUhFhQUSlfkVbLNDUmJThsYqnNhkmg2MtUcFyYJFBS/ccM5UuUfWHEd8eoSGz9b2g==",
      "dependencies": {
        "string-reverse-js": "^1.0.0"
      }
    }
  }
}
