{
  "name": "Public NPM modules",
  "lockfileVersion": 3,
  "requires": true,
  "packages": {
    "": {
      "dependencies": {
        "just-jokes": "^1.0.2"
      }
    },
    "node_modules/just-jokes": {
      "version": "1.0.2",
      "resolved": "https://registry.npmjs.org/just-jokes/-/just-jokes-1.0.2.tgz",
      "integrity": "sha512-CaqDexnkf8VmJcIrXBF4r54VwYzY5NZ1JCS8jA2MGE13MBCd/QaJLmLXnt/5eVUd7xOVOmQ1IVl2CnUq/qwXQA==",
      "license": "MIT"
    }
  }
}
